
Microsoft Visual Studio Solution File, Format Version 12.00
Project("{FAE04EC0-301F-11D3-BF4B-00C04F79EFBC}") = "PJATK-APBD-Cw5-s33847", "PJATK-APBD-Cw5-s33847.csproj", "{9BD6C529-ACA1-4C91-B2DC-91CA5BC90172}"
EndProject
Global
	GlobalSection(SolutionConfigurationPlatforms) = preSolution
		Debug|Any CPU = Debug|Any CPU
		Release|Any CPU = Release|Any CPU
	EndGlobalSection
	GlobalSection(ProjectConfigurationPlatforms) = postSolution
		{9BD6C529-ACA1-4C91-B2DC-91CA5BC90172}.Debug|Any CPU.ActiveCfg = Debug|Any CPU
		{9BD6C529-ACA1-4C91-B2DC-91CA5BC90172}.Debug|Any CPU.Build.0 = Debug|Any CPU
		{9BD6C529-ACA1-4C91-B2DC-91CA5BC90172}.Release|Any CPU.ActiveCfg = Release|Any CPU
		{9BD6C529-ACA1-4C91-B2DC-91CA5BC90172}.Release|Any CPU.Build.0 = Release|Any CPU
	EndGlobalSection
EndGlobal
